
Microsoft Visual Studio Solution File, Format Version 12.00
# Visual Studio 15
VisualStudioVersion = 15.0.28307.271
MinimumVisualStudioVersion = 10.0.40219.1
Project("{FAE04EC0-301F-11D3-BF4B-00C04F79EFBC}") = "App02_TipoPaginaXF.Android", "App02_TipoPaginaXF\App02_TipoPaginaXF.Android\App02_TipoPaginaXF.Android.csproj", "{37876786-E34D-4B06-B9A0-64708E1CB14B}"
EndProject
Project("{FAE04EC0-301F-11D3-BF4B-00C04F79EFBC}") = "App02_TipoPaginaXF.iOS", "App02_TipoPaginaXF\App02_TipoPaginaXF.iOS\App02_TipoPaginaXF.iOS.csproj", "{D9E63028-12EF-4C92-BCF0-D0290F58B45B}"
EndProject
Project("{FAE04EC0-301F-11D3-BF4B-00C04F79EFBC}") = "App02_TipoPaginaXF.UWP", "App02_TipoPaginaXF\App02_TipoPaginaXF.UWP\App02_TipoPaginaXF.UWP.csproj", "{96163E32-6A85-4A27-8873-DB90EEC92E0F}"
EndProject
Project("{FAE04EC0-301F-11D3-BF4B-00C04F79EFBC}") = "App02_TipoPaginaXF", "App02_TipoPaginaXF\App02_TipoPaginaXF\App02_TipoPaginaXF.csproj", "{94615D96-F0B4-4F96-AD0A-1B049DF0606E}"
EndProject
Global
	GlobalSection(SolutionConfigurationPlatforms) = preSolution
		Ad-Hoc|Any CPU = Ad-Hoc|Any CPU
		Ad-Hoc|ARM = Ad-Hoc|ARM
		Ad-Hoc|iPhone = Ad-Hoc|iPhone
		Ad-Hoc|iPhoneSimulator = Ad-Hoc|iPhoneSimulator
		Ad-Hoc|x64 = Ad-Hoc|x64
		Ad-Hoc|x86 = Ad-Hoc|x86
		AppStore|Any CPU = AppStore|Any CPU
		AppStore|ARM = AppStore|ARM
		AppStore|iPhone = AppStore|iPhone
		AppStore|iPhoneSimulator = AppStore|iPhoneSimulator
		AppStore|x64 = AppStore|x64
		AppStore|x86 = AppStore|x86
		Debug|Any CPU = Debug|Any CPU
		Debug|ARM = Debug|ARM
		Debug|iPhone = Debug|iPhone
		Debug|iPhoneSimulator = Debug|iPhoneSimulator
		Debug|x64 = Debug|x64
		Debug|x86 = Debug|x86
		Release|Any CPU = Release|Any CPU
		Release|ARM = Release|ARM
		Release|iPhone = Release|iPhone
		Release|iPhoneSimulator = Release|iPhoneSimulator
		Release|x64 = Release|x64
		Release|x86 = Release|x86
	EndGlobalSection
	GlobalSection(ProjectConfigurationPlatforms) = postSolution
		{37876786-E34D-4B06-B9A0-64708E1CB14B}.Ad-Hoc|Any CPU.ActiveCfg = Release|Any CPU
		{37876786-E34D-4B06-B9A0-64708E1CB14B}.Ad-Hoc|Any CPU.Build.0 = Release|Any CPU
		{37876786-E34D-4B06-B9A0-64708E1CB14B}.Ad-Hoc|Any CPU.Deploy.0 = Release|Any CPU
		{37876786-E34D-4B06-B9A0-64708E1CB14B}.Ad-Hoc|ARM.ActiveCfg = Release|Any CPU
		{37876786-E34D-4B06-B9A0-64708E1CB14B}.Ad-Hoc|ARM.Build.0 = Release|Any CPU
		{37876786-E34D-4B06-B9A0-64708E1CB14B}.Ad-Hoc|ARM.Deploy.0 = Release|Any CPU
		{37876786-E34D-4B06-B9A0-64708E1CB14B}.Ad-Hoc|iPhone.ActiveCfg = Release|Any CPU
		{37876786-E34D-4B06-B9A0-64708E1CB14B}.Ad-Hoc|iPhone.Build.0 = Release|Any CPU
		{37876786-E34D-4B06-B9A0-64708E1CB14B}.Ad-Hoc|iPhone.Deploy.0 = Release|Any CPU
		{37876786-E34D-4B06-B9A0-64708E1CB14B}.Ad-Hoc|iPhoneSimulator.ActiveCfg = Release|Any CPU
		{37876786-E34D-4B06-B9A0-64708E1CB14B}.Ad-Hoc|iPhoneSimulator.Build.0 = Release|Any CPU
		{37876786-E34D-4B06-B9A0-64708E1CB14B}.Ad-Hoc|iPhoneSimulator.Deploy.0 = Release|Any CPU
		{37876786-E34D-4B06-B9A0-64708E1CB14B}.Ad-Hoc|x64.ActiveCfg = Release|Any CPU
		{37876786-E34D-4B06-B9A0-64708E1CB14B}.Ad-Hoc|x64.Build.0 = Release|Any CPU
		{37876786-E34D-4B06-B9A0-64708E1CB14B}.Ad-Hoc|x64.Deploy.0 = Release|Any CPU
		{37876786-E34D-4B06-B9A0-64708E1CB14B}.Ad-Hoc|x86.ActiveCfg = Release|Any CPU
		{37876786-E34D-4B06-B9A0-64708E1CB14B}.Ad-Hoc|x86.Build.0 = Release|Any CPU
		{37876786-E34D-4B06-B9A0-64708E1CB14B}.Ad-Hoc|x86.Deploy.0 = Release|Any CPU
		{37876786-E34D-4B06-B9A0-64708E1CB14B}.AppStore|Any CPU.ActiveCfg = Release|Any CPU
		{37876786-E34D-4B06-B9A0-64708E1CB14B}.AppStore|Any CPU.Build.0 = Release|Any CPU
		{37876786-E34D-4B06-B9A0-64708E1CB14B}.AppStore|Any CPU.Deploy.0 = Release|Any CPU
		{37876786-E34D-4B06-B9A0-64708E1CB14B}.AppStore|ARM.ActiveCfg = Release|Any CPU
		{37876786-E34D-4B06-B9A0-64708E1CB14B}.AppStore|ARM.Build.0 = Release|Any CPU
		{37876786-E34D-4B06-B9A0-64708E1CB14B}.AppStore|ARM.Deploy.0 = Release|Any CPU
		{37876786-E34D-4B06-B9A0-64708E1CB14B}.AppStore|iPhone.ActiveCfg = Release|Any CPU
		{37876786-E34D-4B06-B9A0-64708E1CB14B}.AppStore|iPhone.Build.0 = Release|Any CPU
		{37876786-E34D-4B06-B9A0-64708E1CB14B}.AppStore|iPhone.Deploy.0 = Release|Any CPU
		{37876786-E34D-4B06-B9A0-64708E1CB14B}.AppStore|iPhoneSimulator.ActiveCfg = Release|Any CPU
		{37876786-E34D-4B06-B9A0-64708E1CB14B}.AppStore|iPhoneSimulator.Build.0 = Release|Any CPU
		{37876786-E34D-4B06-B9A0-64708E1CB14B}.AppStore|iPhoneSimulator.Deploy.0 = Release|Any CPU
		{37876786-E34D-4B06-B9A0-64708E1CB14B}.AppStore|x64.ActiveCfg = Release|Any CPU
		{37876786-E34D-4B06-B9A0-64708E1CB14B}.AppStore|x64.Build.0 = Release|Any CPU
		{37876786-E34D-4B06-B9A0-64708E1CB14B}.AppStore|x64.Deploy.0 = Release|Any CPU
		{37876786-E34D-4B06-B9A0-64708E1CB14B}.AppStore|x86.ActiveCfg = Release|Any CPU
		{37876786-E34D-4B06-B9A0-64708E1CB14B}.AppStore|x86.Build.0 = Release|Any CPU
		{37876786-E34D-4B06-B9A0-64708E1CB14B}.AppStore|x86.Deploy.0 = Release|Any CPU
		{37876786-E34D-4B06-B9A0-64708E1CB14B}.Debug|Any CPU.ActiveCfg = Debug|Any CPU
		{37876786-E34D-4B06-B9A0-64708E1CB14B}.Debug|Any CPU.Build.0 = Debug|Any CPU
		{37876786-E34D-4B06-B9A0-64708E1CB14B}.Debug|Any CPU.Deploy.0 = Debug|Any CPU
		{37876786-E34D-4B06-B9A0-64708E1CB14B}.Debug|ARM.ActiveCfg = Debug|Any CPU
		{37876786-E34D-4B06-B9A0-64708E1CB14B}.Debug|ARM.Build.0 = Debug|Any CPU
		{37876786-E34D-4B06-B9A0-64708E1CB14B}.Debug|ARM.Deploy.0 = Debug|Any CPU
		{37876786-E34D-4B06-B9A0-64708E1CB14B}.Debug|iPhone.ActiveCfg = Debug|Any CPU
		{37876786-E34D-4B06-B9A0-64708E1CB14B}.Debug|iPhone.Build.0 = Debug|Any CPU
		{37876786-E34D-4B06-B9A0-64708E1CB14B}.Debug|iPhone.Deploy.0 = Debug|Any CPU
		{37876786-E34D-4B06-B9A0-64708E1CB14B}.Debug|iPhoneSimulator.ActiveCfg = Debug|Any CPU
		{37876786-E34D-4B06-B9A0-64708E1CB14B}.Debug|iPhoneSimulator.Build.0 = Debug|Any CPU
		{37876786-E34D-4B06-B9A0-64708E1CB14B}.Debug|iPhoneSimulator.Deploy.0 = Debug|Any CPU
		{37876786-E34D-4B06-B9A0-64708E1CB14B}.Debug|x64.ActiveCfg = Debug|Any CPU
		{37876786-E34D-4B06-B9A0-64708E1CB14B}.Debug|x64.Build.0 = Debug|Any CPU
		{37876786-E34D-4B06-B9A0-64708E1CB14B}.Debug|x64.Deploy.0 = Debug|Any CPU
		{37876786-E34D-4B06-B9A0-64708E1CB14B}.Debug|x86.ActiveCfg = Debug|Any CPU
		{37876786-E34D-4B06-B9A0-64708E1CB14B}.Debug|x86.Build.0 = Debug|Any CPU
		{37876786-E34D-4B06-B9A0-64708E1CB14B}.Debug|x86.Deploy.0 = Debug|Any CPU
		{37876786-E34D-4B06-B9A0-64708E1CB14B}.Release|Any CPU.ActiveCfg = Release|Any CPU
		{37876786-E34D-4B06-B9A0-64708E1CB14B}.Release|Any CPU.Build.0 = Release|Any CPU
		{37876786-E34D-4B06-B9A0-64708E1CB14B}.Release|Any CPU.Deploy.0 = Release|Any CPU
		{37876786-E34D-4B06-B9A0-64708E1CB14B}.Release|ARM.ActiveCfg = Release|Any CPU
		{37876786-E34D-4B06-B9A0-64708E1CB14B}.Release|ARM.Build.0 = Release|Any CPU
		{37876786-E34D-4B06-B9A0-64708E1CB14B}.Release|ARM.Deploy.0 = Release|Any CPU
		{37876786-E34D-4B06-B9A0-64708E1CB14B}.Release|iPhone.ActiveCfg = Release|Any CPU
		{37876786-E34D-4B06-B9A0-64708E1CB14B}.Release|iPhone.Build.0 = Release|Any CPU
		{37876786-E34D-4B06-B9A0-64708E1CB14B}.Release|iPhone.Deploy.0 = Release|Any CPU
		{37876786-E34D-4B06-B9A0-64708E1CB14B}.Release|iPhoneSimulator.ActiveCfg = Release|Any CPU
		{37876786-E34D-4B06-B9A0-64708E1CB14B}.Release|iPhoneSimulator.Build.0 = Release|Any CPU
		{37876786-E34D-4B06-B9A0-64708E1CB14B}.Release|iPhoneSimulator.Deploy.0 = Release|Any CPU
		{37876786-E34D-4B06-B9A0-64708E1CB14B}.Release|x64.ActiveCfg = Release|Any CPU
		{37876786-E34D-4B06-B9A0-64708E1CB14B}.Release|x64.Build.0 = Release|Any CPU
		{37876786-E34D-4B06-B9A0-64708E1CB14B}.Release|x64.Deploy.0 = Release|Any CPU
		{37876786-E34D-4B06-B9A0-64708E1CB14B}.Release|x86.ActiveCfg = Release|Any CPU
		{37876786-E34D-4B06-B9A0-64708E1CB14B}.Release|x86.Build.0 = Release|Any CPU
		{37876786-E34D-4B06-B9A0-64708E1CB14B}.Release|x86.Deploy.0 = Release|Any CPU
		{D9E63028-12EF-4C92-BCF0-D0290F58B45B}.Ad-Hoc|Any CPU.ActiveCfg = Ad-Hoc|iPhone
		{D9E63028-12EF-4C92-BCF0-D0290F58B45B}.Ad-Hoc|Any CPU.Build.0 = Ad-Hoc|iPhone
		{D9E63028-12EF-4C92-BCF0-D0290F58B45B}.Ad-Hoc|Any CPU.Deploy.0 = Ad-Hoc|iPhone
		{D9E63028-12EF-4C92-BCF0-D0290F58B45B}.Ad-Hoc|ARM.ActiveCfg = Ad-Hoc|iPhone
		{D9E63028-12EF-4C92-BCF0-D0290F58B45B}.Ad-Hoc|ARM.Build.0 = Ad-Hoc|iPhone
		{D9E63028-12EF-4C92-BCF0-D0290F58B45B}.Ad-Hoc|ARM.Deploy.0 = Ad-Hoc|iPhone
		{D9E63028-12EF-4C92-BCF0-D0290F58B45B}.Ad-Hoc|iPhone.ActiveCfg = Ad-Hoc|iPhone
		{D9E63028-12EF-4C92-BCF0-D0290F58B45B}.Ad-Hoc|iPhone.Build.0 = Ad-Hoc|iPhone
		{D9E63028-12EF-4C92-BCF0-D0290F58B45B}.Ad-Hoc|iPhone.Deploy.0 = Ad-Hoc|iPhone
		{D9E63028-12EF-4C92-BCF0-D0290F58B45B}.Ad-Hoc|iPhoneSimulator.ActiveCfg = Ad-Hoc|iPhoneSimulator
		{D9E63028-12EF-4C92-BCF0-D0290F58B45B}.Ad-Hoc|iPhoneSimulator.Build.0 = Ad-Hoc|iPhoneSimulator
		{D9E63028-12EF-4C92-BCF0-D0290F58B45B}.Ad-Hoc|iPhoneSimulator.Deploy.0 = Ad-Hoc|iPhoneSimulator
		{D9E63028-12EF-4C92-BCF0-D0290F58B45B}.Ad-Hoc|x64.ActiveCfg = Ad-Hoc|iPhone
		{D9E63028-12EF-4C92-BCF0-D0290F58B45B}.Ad-Hoc|x64.Build.0 = Ad-Hoc|iPhone
		{D9E63028-12EF-4C92-BCF0-D0290F58B45B}.Ad-Hoc|x64.Deploy.0 = Ad-Hoc|iPhone
		{D9E63028-12EF-4C92-BCF0-D0290F58B45B}.Ad-Hoc|x86.ActiveCfg = Ad-Hoc|iPhone
		{D9E63028-12EF-4C92-BCF0-D0290F58B45B}.Ad-Hoc|x86.Build.0 = Ad-Hoc|iPhone
		{D9E63028-12EF-4C92-BCF0-D0290F58B45B}.Ad-Hoc|x86.Deploy.0 = Ad-Hoc|iPhone
		{D9E63028-12EF-4C92-BCF0-D0290F58B45B}.AppStore|Any CPU.ActiveCfg = AppStore|iPhone
		{D9E63028-12EF-4C92-BCF0-D0290F58B45B}.AppStore|Any CPU.Build.0 = AppStore|iPhone
		{D9E63028-12EF-4C92-BCF0-D0290F58B45B}.AppStore|Any CPU.Deploy.0 = AppStore|iPhone
		{D9E63028-12EF-4C92-BCF0-D0290F58B45B}.AppStore|ARM.ActiveCfg = AppStore|iPhone
		{D9E63028-12EF-4C92-BCF0-D0290F58B45B}.AppStore|ARM.Build.0 = AppStore|iPhone
		{D9E63028-12EF-4C92-BCF0-D0290F58B45B}.AppStore|ARM.Deploy.0 = AppStore|iPhone
		{D9E63028-12EF-4C92-BCF0-D0290F58B45B}.AppStore|iPhone.ActiveCfg = AppStore|iPhone
		{D9E63028-12EF-4C92-BCF0-D0290F58B45B}.AppStore|iPhone.Build.0 = AppStore|iPhone
		{D9E63028-12EF-4C92-BCF0-D0290F58B45B}.AppStore|iPhone.Deploy.0 = AppStore|iPhone
		{D9E63028-12EF-4C92-BCF0-D0290F58B45B}.AppStore|iPhoneSimulator.ActiveCfg = AppStore|iPhoneSimulator
		{D9E63028-12EF-4C92-BCF0-D0290F58B45B}.AppStore|iPhoneSimulator.Build.0 = AppStore|iPhoneSimulator
		{D9E63028-12EF-4C92-BCF0-D0290F58B45B}.AppStore|iPhoneSimulator.Deploy.0 = AppStore|iPhoneSimulator
		{D9E63028-12EF-4C92-BCF0-D0290F58B45B}.AppStore|x64.ActiveCfg = AppStore|iPhone
		{D9E63028-12EF-4C92-BCF0-D0290F58B45B}.AppStore|x64.Build.0 = AppStore|iPhone
		{D9E63028-12EF-4C92-BCF0-D0290F58B45B}.AppStore|x64.Deploy.0 = AppStore|iPhone
		{D9E63028-12EF-4C92-BCF0-D0290F58B45B}.AppStore|x86.ActiveCfg = AppStore|iPhone
		{D9E63028-12EF-4C92-BCF0-D0290F58B45B}.AppStore|x86.Build.0 = AppStore|iPhone
		{D9E63028-12EF-4C92-BCF0-D0290F58B45B}.AppStore|x86.Deploy.0 = AppStore|iPhone
		{D9E63028-12EF-4C92-BCF0-D0290F58B45B}.Debug|Any CPU.ActiveCfg = Debug|iPhoneSimulator
		{D9E63028-12EF-4C92-BCF0-D0290F58B45B}.Debug|Any CPU.Build.0 = Debug|iPhoneSimulator
		{D9E63028-12EF-4C92-BCF0-D0290F58B45B}.Debug|Any CPU.Deploy.0 = Debug|iPhoneSimulator
		{D9E63028-12EF-4C92-BCF0-D0290F58B45B}.Debug|ARM.ActiveCfg = Debug|iPhone
		{D9E63028-12EF-4C92-BCF0-D0290F58B45B}.Debug|ARM.Build.0 = Debug|iPhone
		{D9E63028-12EF-4C92-BCF0-D0290F58B45B}.Debug|ARM.Deploy.0 = Debug|iPhone
		{D9E63028-12EF-4C92-BCF0-D0290F58B45B}.Debug|iPhone.ActiveCfg = Debug|iPhone
		{D9E63028-12EF-4C92-BCF0-D0290F58B45B}.Debug|iPhone.Build.0 = Debug|iPhone
		{D9E63028-12EF-4C92-BCF0-D0290F58B45B}.Debug|iPhone.Deploy.0 = Debug|iPhone
		{D9E63028-12EF-4C92-BCF0-D0290F58B45B}.Debug|iPhoneSimulator.ActiveCfg = Debug|iPhoneSimulator
		{D9E63028-12EF-4C92-BCF0-D0290F58B45B}.Debug|iPhoneSimulator.Build.0 = Debug|iPhoneSimulator
		{D9E63028-12EF-4C92-BCF0-D0290F58B45B}.Debug|iPhoneSimulator.Deploy.0 = Debug|iPhoneSimulator
		{D9E63028-12EF-4C92-BCF0-D0290F58B45B}.Debug|x64.ActiveCfg = Debug|iPhone
		{D9E63028-12EF-4C92-BCF0-D0290F58B45B}.Debug|x64.Build.0 = Debug|iPhone
		{D9E63028-12EF-4C92-BCF0-D0290F58B45B}.Debug|x64.Deploy.0 = Debug|iPhone
		{D9E63028-12EF-4C92-BCF0-D0290F58B45B}.Debug|x86.ActiveCfg = Debug|iPhone
		{D9E63028-12EF-4C92-BCF0-D0290F58B45B}.Debug|x86.Build.0 = Debug|iPhone
		{D9E63028-12EF-4C92-BCF0-D0290F58B45B}.Debug|x86.Deploy.0 = Debug|iPhone
		{D9E63028-12EF-4C92-BCF0-D0290F58B45B}.Release|Any CPU.ActiveCfg = Release|iPhone
		{D9E63028-12EF-4C92-BCF0-D0290F58B45B}.Release|Any CPU.Build.0 = Release|iPhone
		{D9E63028-12EF-4C92-BCF0-D0290F58B45B}.Release|Any CPU.Deploy.0 = Release|iPhone
		{D9E63028-12EF-4C92-BCF0-D0290F58B45B}.Release|ARM.ActiveCfg = Release|iPhone
		{D9E63028-12EF-4C92-BCF0-D0290F58B45B}.Release|ARM.Build.0 = Release|iPhone
		{D9E63028-12EF-4C92-BCF0-D0290F58B45B}.Release|ARM.Deploy.0 = Release|iPhone
		{D9E63028-12EF-4C92-BCF0-D0290F58B45B}.Release|iPhone.ActiveCfg = Release|iPhone
		{D9E63028-12EF-4C92-BCF0-D0290F58B45B}.Release|iPhone.Build.0 = Release|iPhone
		{D9E63028-12EF-4C92-BCF0-D0290F58B45B}.Release|iPhone.Deploy.0 = Release|iPhone
		{D9E63028-12EF-4C92-BCF0-D0290F58B45B}.Release|iPhoneSimulator.ActiveCfg = Release|iPhoneSimulator
		{D9E63028-12EF-4C92-BCF0-D0290F58B45B}.Release|iPhoneSimulator.Build.0 = Release|iPhoneSimulator
		{D9E63028-12EF-4C92-BCF0-D0290F58B45B}.Release|iPhoneSimulator.Deploy.0 = Release|iPhoneSimulator
		{D9E63028-12EF-4C92-BCF0-D0290F58B45B}.Release|x64.ActiveCfg = Release|iPhone
		{D9E63028-12EF-4C92-BCF0-D0290F58B45B}.Release|x64.Build.0 = Release|iPhone
		{D9E63028-12EF-4C92-BCF0-D0290F58B45B}.Release|x64.Deploy.0 = Release|iPhone
		{D9E63028-12EF-4C92-BCF0-D0290F58B45B}.Release|x86.ActiveCfg = Release|iPhone
		{D9E63028-12EF-4C92-BCF0-D0290F58B45B}.Release|x86.Build.0 = Release|iPhone
		{D9E63028-12EF-4C92-BCF0-D0290F58B45B}.Release|x86.Deploy.0 = Release|iPhone
		{96163E32-6A85-4A27-8873-DB90EEC92E0F}.Ad-Hoc|Any CPU.ActiveCfg = Release|x86
		{96163E32-6A85-4A27-8873-DB90EEC92E0F}.Ad-Hoc|Any CPU.Build.0 = Release|x86
		{96163E32-6A85-4A27-8873-DB90EEC92E0F}.Ad-Hoc|Any CPU.Deploy.0 = Release|x86
		{96163E32-6A85-4A27-8873-DB90EEC92E0F}.Ad-Hoc|ARM.ActiveCfg = Release|ARM
		{96163E32-6A85-4A27-8873-DB90EEC92E0F}.Ad-Hoc|ARM.Build.0 = Release|ARM
		{96163E32-6A85-4A27-8873-DB90EEC92E0F}.Ad-Hoc|ARM.Deploy.0 = Release|ARM
		{96163E32-6A85-4A27-8873-DB90EEC92E0F}.Ad-Hoc|iPhone.ActiveCfg = Release|x86
		{96163E32-6A85-4A27-8873-DB90EEC92E0F}.Ad-Hoc|iPhone.Build.0 = Release|x86
		{96163E32-6A85-4A27-8873-DB90EEC92E0F}.Ad-Hoc|iPhone.Deploy.0 = Release|x86
		{96163E32-6A85-4A27-8873-DB90EEC92E0F}.Ad-Hoc|iPhoneSimulator.ActiveCfg = Release|x86
		{96163E32-6A85-4A27-8873-DB90EEC92E0F}.Ad-Hoc|iPhoneSimulator.Build.0 = Release|x86
		{96163E32-6A85-4A27-8873-DB90EEC92E0F}.Ad-Hoc|iPhoneSimulator.Deploy.0 = Release|x86
		{96163E32-6A85-4A27-8873-DB90EEC92E0F}.Ad-Hoc|x64.ActiveCfg = Release|x64
		{96163E32-6A85-4A27-8873-DB90EEC92E0F}.Ad-Hoc|x64.Build.0 = Release|x64
		{96163E32-6A85-4A27-8873-DB90EEC92E0F}.Ad-Hoc|x64.Deploy.0 = Release|x64
		{96163E32-6A85-4A27-8873-DB90EEC92E0F}.Ad-Hoc|x86.ActiveCfg = Release|x86
		{96163E32-6A85-4A27-8873-DB90EEC92E0F}.Ad-Hoc|x86.Build.0 = Release|x86
		{96163E32-6A85-4A27-8873-DB90EEC92E0F}.Ad-Hoc|x86.Deploy.0 = Release|x86
		{96163E32-6A85-4A27-8873-DB90EEC92E0F}.AppStore|Any CPU.ActiveCfg = Release|x86
		{96163E32-6A85-4A27-8873-DB90EEC92E0F}.AppStore|Any CPU.Build.0 = Release|x86
		{96163E32-6A85-4A27-8873-DB90EEC92E0F}.AppStore|Any CPU.Deploy.0 = Release|x86
		{96163E32-6A85-4A27-8873-DB90EEC92E0F}.AppStore|ARM.ActiveCfg = Release|ARM
		{96163E32-6A85-4A27-8873-DB90EEC92E0F}.AppStore|ARM.Build.0 = Release|ARM
		{96163E32-6A85-4A27-8873-DB90EEC92E0F}.AppStore|ARM.Deploy.0 = Release|ARM
		{96163E32-6A85-4A27-8873-DB90EEC92E0F}.AppStore|iPhone.ActiveCfg = Release|x86
		{96163E32-6A85-4A27-8873-DB90EEC92E0F}.AppStore|iPhone.Build.0 = Release|x86
		{96163E32-6A85-4A27-8873-DB90EEC92E0F}.AppStore|iPhone.Deploy.0 = Release|x86
		{96163E32-6A85-4A27-8873-DB90EEC92E0F}.AppStore|iPhoneSimulator.ActiveCfg = Release|x86
		{96163E32-6A85-4A27-8873-DB90EEC92E0F}.AppStore|iPhoneSimulator.Build.0 = Release|x86
		{96163E32-6A85-4A27-8873-DB90EEC92E0F}.AppStore|iPhoneSimulator.Deploy.0 = Release|x86
		{96163E32-6A85-4A27-8873-DB90EEC92E0F}.AppStore|x64.ActiveCfg = Release|x64
		{96163E32-6A85-4A27-8873-DB90EEC92E0F}.AppStore|x64.Build.0 = Release|x64
		{96163E32-6A85-4A27-8873-DB90EEC92E0F}.AppStore|x64.Deploy.0 = Release|x64
		{96163E32-6A85-4A27-8873-DB90EEC92E0F}.AppStore|x86.ActiveCfg = Release|x86
		{96163E32-6A85-4A27-8873-DB90EEC92E0F}.AppStore|x86.Build.0 = Release|x86
		{96163E32-6A85-4A27-8873-DB90EEC92E0F}.AppStore|x86.Deploy.0 = Release|x86
		{96163E32-6A85-4A27-8873-DB90EEC92E0F}.Debug|Any CPU.ActiveCfg = Debug|x86
		{96163E32-6A85-4A27-8873-DB90EEC92E0F}.Debug|Any CPU.Build.0 = Debug|x86
		{96163E32-6A85-4A27-8873-DB90EEC92E0F}.Debug|Any CPU.Deploy.0 = Debug|x86
		{96163E32-6A85-4A27-8873-DB90EEC92E0F}.Debug|ARM.ActiveCfg = Debug|ARM
		{96163E32-6A85-4A27-8873-DB90EEC92E0F}.Debug|ARM.Build.0 = Debug|ARM
		{96163E32-6A85-4A27-8873-DB90EEC92E0F}.Debug|ARM.Deploy.0 = Debug|ARM
		{96163E32-6A85-4A27-8873-DB90EEC92E0F}.Debug|iPhone.ActiveCfg = Debug|x86
		{96163E32-6A85-4A27-8873-DB90EEC92E0F}.Debug|iPhone.Build.0 = Debug|x86
		{96163E32-6A85-4A27-8873-DB90EEC92E0F}.Debug|iPhone.Deploy.0 = Debug|x86
		{96163E32-6A85-4A27-8873-DB90EEC92E0F}.Debug|iPhoneSimulator.ActiveCfg = Debug|x86
		{96163E32-6A85-4A27-8873-DB90EEC92E0F}.Debug|iPhoneSimulator.Build.0 = Debug|x86
		{96163E32-6A85-4A27-8873-DB90EEC92E0F}.Debug|iPhoneSimulator.Deploy.0 = Debug|x86
		{96163E32-6A85-4A27-8873-DB90EEC92E0F}.Debug|x64.ActiveCfg = Debug|x64
		{96163E32-6A85-4A27-8873-DB90EEC92E0F}.Debug|x64.Build.0 = Debug|x64
		{96163E32-6A85-4A27-8873-DB90EEC92E0F}.Debug|x64.Deploy.0 = Debug|x64
		{96163E32-6A85-4A27-8873-DB90EEC92E0F}.Debug|x86.ActiveCfg = Debug|x86
		{96163E32-6A85-4A27-8873-DB90EEC92E0F}.Debug|x86.Build.0 = Debug|x86
		{96163E32-6A85-4A27-8873-DB90EEC92E0F}.Debug|x86.Deploy.0 = Debug|x86
		{96163E32-6A85-4A27-8873-DB90EEC92E0F}.Release|Any CPU.ActiveCfg = Release|x86
		{96163E32-6A85-4A27-8873-DB90EEC92E0F}.Release|Any CPU.Build.0 = Release|x86
		{96163E32-6A85-4A27-8873-DB90EEC92E0F}.Release|Any CPU.Deploy.0 = Release|x86
		{96163E32-6A85-4A27-8873-DB90EEC92E0F}.Release|ARM.ActiveCfg = Release|ARM
		{96163E32-6A85-4A27-8873-DB90EEC92E0F}.Release|ARM.Build.0 = Release|ARM
		{96163E32-6A85-4A27-8873-DB90EEC92E0F}.Release|ARM.Deploy.0 = Release|ARM
		{96163E32-6A85-4A27-8873-DB90EEC92E0F}.Release|iPhone.ActiveCfg = Release|x86
		{96163E32-6A85-4A27-8873-DB90EEC92E0F}.Release|iPhone.Build.0 = Release|x86
		{96163E32-6A85-4A27-8873-DB90EEC92E0F}.Release|iPhone.Deploy.0 = Release|x86
		{96163E32-6A85-4A27-8873-DB90EEC92E0F}.Release|iPhoneSimulator.ActiveCfg = Release|x86
		{96163E32-6A85-4A27-8873-DB90EEC92E0F}.Release|iPhoneSimulator.Build.0 = Release|x86
		{96163E32-6A85-4A27-8873-DB90EEC92E0F}.Release|iPhoneSimulator.Deploy.0 = Release|x86
		{96163E32-6A85-4A27-8873-DB90EEC92E0F}.Release|x64.ActiveCfg = Release|x64
		{96163E32-6A85-4A27-8873-DB90EEC92E0F}.Release|x64.Build.0 = Release|x64
		{96163E32-6A85-4A27-8873-DB90EEC92E0F}.Release|x64.Deploy.0 = Release|x64
		{96163E32-6A85-4A27-8873-DB90EEC92E0F}.Release|x86.ActiveCfg = Release|x86
		{96163E32-6A85-4A27-8873-DB90EEC92E0F}.Release|x86.Build.0 = Release|x86
		{96163E32-6A85-4A27-8873-DB90EEC92E0F}.Release|x86.Deploy.0 = Release|x86
		{94615D96-F0B4-4F96-AD0A-1B049DF0606E}.Ad-Hoc|Any CPU.ActiveCfg = Debug|Any CPU
		{94615D96-F0B4-4F96-AD0A-1B049DF0606E}.Ad-Hoc|Any CPU.Build.0 = Debug|Any CPU
		{94615D96-F0B4-4F96-AD0A-1B049DF0606E}.Ad-Hoc|Any CPU.Deploy.0 = Debug|Any CPU
		{94615D96-F0B4-4F96-AD0A-1B049DF0606E}.Ad-Hoc|ARM.ActiveCfg = Debug|Any CPU
		{94615D96-F0B4-4F96-AD0A-1B049DF0606E}.Ad-Hoc|ARM.Build.0 = Debug|Any CPU
		{94615D96-F0B4-4F96-AD0A-1B049DF0606E}.Ad-Hoc|ARM.Deploy.0 = Debug|Any CPU
		{94615D96-F0B4-4F96-AD0A-1B049DF0606E}.Ad-Hoc|iPhone.ActiveCfg = Debug|Any CPU
		{94615D96-F0B4-4F96-AD0A-1B049DF0606E}.Ad-Hoc|iPhone.Build.0 = Debug|Any CPU
		{94615D96-F0B4-4F96-AD0A-1B049DF0606E}.Ad-Hoc|iPhone.Deploy.0 = Debug|Any CPU
		{94615D96-F0B4-4F96-AD0A-1B049DF0606E}.Ad-Hoc|iPhoneSimulator.ActiveCfg = Debug|Any CPU
		{94615D96-F0B4-4F96-AD0A-1B049DF0606E}.Ad-Hoc|iPhoneSimulator.Build.0 = Debug|Any CPU
		{94615D96-F0B4-4F96-AD0A-1B049DF0606E}.Ad-Hoc|iPhoneSimulator.Deploy.0 = Debug|Any CPU
		{94615D96-F0B4-4F96-AD0A-1B049DF0606E}.Ad-Hoc|x64.ActiveCfg = Debug|Any CPU
		{94615D96-F0B4-4F96-AD0A-1B049DF0606E}.Ad-Hoc|x64.Build.0 = Debug|Any CPU
		{94615D96-F0B4-4F96-AD0A-1B049DF0606E}.Ad-Hoc|x64.Deploy.0 = Debug|Any CPU
		{94615D96-F0B4-4F96-AD0A-1B049DF0606E}.Ad-Hoc|x86.ActiveCfg = Debug|Any CPU
		{94615D96-F0B4-4F96-AD0A-1B049DF0606E}.Ad-Hoc|x86.Build.0 = Debug|Any CPU
		{94615D96-F0B4-4F96-AD0A-1B049DF0606E}.Ad-Hoc|x86.Deploy.0 = Debug|Any CPU
		{94615D96-F0B4-4F96-AD0A-1B049DF0606E}.AppStore|Any CPU.ActiveCfg = Debug|Any CPU
		{94615D96-F0B4-4F96-AD0A-1B049DF0606E}.AppStore|Any CPU.Build.0 = Debug|Any CPU
		{94615D96-F0B4-4F96-AD0A-1B049DF0606E}.AppStore|Any CPU.Deploy.0 = Debug|Any CPU
		{94615D96-F0B4-4F96-AD0A-1B049DF0606E}.AppStore|ARM.ActiveCfg = Debug|Any CPU
		{94615D96-F0B4-4F96-AD0A-1B049DF0606E}.AppStore|ARM.Build.0 = Debug|Any CPU
		{94615D96-F0B4-4F96-AD0A-1B049DF0606E}.AppStore|ARM.Deploy.0 = Debug|Any CPU
		{94615D96-F0B4-4F96-AD0A-1B049DF0606E}.AppStore|iPhone.ActiveCfg = Debug|Any CPU
		{94615D96-F0B4-4F96-AD0A-1B049DF0606E}.AppStore|iPhone.Build.0 = Debug|Any CPU
		{94615D96-F0B4-4F96-AD0A-1B049DF0606E}.AppStore|iPhone.Deploy.0 = Debug|Any CPU
		{94615D96-F0B4-4F96-AD0A-1B049DF0606E}.AppStore|iPhoneSimulator.ActiveCfg = Debug|Any CPU
		{94615D96-F0B4-4F96-AD0A-1B049DF0606E}.AppStore|iPhoneSimulator.Build.0 = Debug|Any CPU
		{94615D96-F0B4-4F96-AD0A-1B049DF0606E}.AppStore|iPhoneSimulator.Deploy.0 = Debug|Any CPU
		{94615D96-F0B4-4F96-AD0A-1B049DF0606E}.AppStore|x64.ActiveCfg = Debug|Any CPU
		{94615D96-F0B4-4F96-AD0A-1B049DF0606E}.AppStore|x64.Build.0 = Debug|Any CPU
		{94615D96-F0B4-4F96-AD0A-1B049DF0606E}.AppStore|x64.Deploy.0 = Debug|Any CPU
		{94615D96-F0B4-4F96-AD0A-1B049DF0606E}.AppStore|x86.ActiveCfg = Debug|Any CPU
		{94615D96-F0B4-4F96-AD0A-1B049DF0606E}.AppStore|x86.Build.0 = Debug|Any CPU
		{94615D96-F0B4-4F96-AD0A-1B049DF0606E}.AppStore|x86.Deploy.0 = Debug|Any CPU
		{94615D96-F0B4-4F96-AD0A-1B049DF0606E}.Debug|Any CPU.ActiveCfg = Debug|Any CPU
		{94615D96-F0B4-4F96-AD0A-1B049DF0606E}.Debug|Any CPU.Build.0 = Debug|Any CPU
		{94615D96-F0B4-4F96-AD0A-1B049DF0606E}.Debug|Any CPU.Deploy.0 = Debug|Any CPU
		{94615D96-F0B4-4F96-AD0A-1B049DF0606E}.Debug|ARM.ActiveCfg = Debug|Any CPU
		{94615D96-F0B4-4F96-AD0A-1B049DF0606E}.Debug|ARM.Build.0 = Debug|Any CPU
		{94615D96-F0B4-4F96-AD0A-1B049DF0606E}.Debug|ARM.Deploy.0 = Debug|Any CPU
		{94615D96-F0B4-4F96-AD0A-1B049DF0606E}.Debug|iPhone.ActiveCfg = Debug|Any CPU
		{94615D96-F0B4-4F96-AD0A-1B049DF0606E}.Debug|iPhone.Build.0 = Debug|Any CPU
		{94615D96-F0B4-4F96-AD0A-1B049DF0606E}.Debug|iPhone.Deploy.0 = Debug|Any CPU
		{94615D96-F0B4-4F96-AD0A-1B049DF0606E}.Debug|iPhoneSimulator.ActiveCfg = Debug|Any CPU
		{94615D96-F0B4-4F96-AD0A-1B049DF0606E}.Debug|iPhoneSimulator.Build.0 = Debug|Any CPU
		{94615D96-F0B4-4F96-AD0A-1B049DF0606E}.Debug|iPhoneSimulator.Deploy.0 = Debug|Any CPU
		{94615D96-F0B4-4F96-AD0A-1B049DF0606E}.Debug|x64.ActiveCfg = Debug|Any CPU
		{94615D96-F0B4-4F96-AD0A-1B049DF0606E}.Debug|x64.Build.0 = Debug|Any CPU
		{94615D96-F0B4-4F96-AD0A-1B049DF0606E}.Debug|x64.Deploy.0 = Debug|Any CPU
		{94615D96-F0B4-4F96-AD0A-1B049DF0606E}.Debug|x86.ActiveCfg = Debug|Any CPU
		{94615D96-F0B4-4F96-AD0A-1B049DF0606E}.Debug|x86.Build.0 = Debug|Any CPU
		{94615D96-F0B4-4F96-AD0A-1B049DF0606E}.Debug|x86.Deploy.0 = Debug|Any CPU
		{94615D96-F0B4-4F96-AD0A-1B049DF0606E}.Release|Any CPU.ActiveCfg = Release|Any CPU
		{94615D96-F0B4-4F96-AD0A-1B049DF0606E}.Release|Any CPU.Build.0 = Release|Any CPU
		{94615D96-F0B4-4F96-AD0A-1B049DF0606E}.Release|Any CPU.Deploy.0 = Release|Any CPU
		{94615D96-F0B4-4F96-AD0A-1B049DF0606E}.Release|ARM.ActiveCfg = Release|Any CPU
		{94615D96-F0B4-4F96-AD0A-1B049DF0606E}.Release|ARM.Build.0 = Release|Any CPU
		{94615D96-F0B4-4F96-AD0A-1B049DF0606E}.Release|ARM.Deploy.0 = Release|Any CPU
		{94615D96-F0B4-4F96-AD0A-1B049DF0606E}.Release|iPhone.ActiveCfg = Release|Any CPU
		{94615D96-F0B4-4F96-AD0A-1B049DF0606E}.Release|iPhone.Build.0 = Release|Any CPU
		{94615D96-F0B4-4F96-AD0A-1B049DF0606E}.Release|iPhone.Deploy.0 = Release|Any CPU
		{94615D96-F0B4-4F96-AD0A-1B049DF0606E}.Release|iPhoneSimulator.ActiveCfg = Release|Any CPU
		{94615D96-F0B4-4F96-AD0A-1B049DF0606E}.Release|iPhoneSimulator.Build.0 = Release|Any CPU
		{94615D96-F0B4-4F96-AD0A-1B049DF0606E}.Release|iPhoneSimulator.Deploy.0 = Release|Any CPU
		{94615D96-F0B4-4F96-AD0A-1B049DF0606E}.Release|x64.ActiveCfg = Release|Any CPU
		{94615D96-F0B4-4F96-AD0A-1B049DF0606E}.Release|x64.Build.0 = Release|Any CPU
		{94615D96-F0B4-4F96-AD0A-1B049DF0606E}.Release|x64.Deploy.0 = Release|Any CPU
		{94615D96-F0B4-4F96-AD0A-1B049DF0606E}.Release|x86.ActiveCfg = Release|Any CPU
		{94615D96-F0B4-4F96-AD0A-1B049DF0606E}.Release|x86.Build.0 = Release|Any CPU
		{94615D96-F0B4-4F96-AD0A-1B049DF0606E}.Release|x86.Deploy.0 = Release|Any CPU
	EndGlobalSection
	GlobalSection(SolutionProperties) = preSolution
		HideSolutionNode = FALSE
	EndGlobalSection
	GlobalSection(ExtensibilityGlobals) = postSolution
		SolutionGuid = {6F69D6AB-2117-4A02-A648-F2C159C4DC7D}
	EndGlobalSection
EndGlobal
