
Microsoft Visual Studio Solution File, Format Version 12.00
# Visual Studio 15
VisualStudioVersion = 15.0.28307.271
MinimumVisualStudioVersion = 10.0.40219.1
Project("{FAE04EC0-301F-11D3-BF4B-00C04F79EFBC}") = "App01_ConsultarCEP.Android", "App01_ConsultarCEP\App01_ConsultarCEP.Android\App01_ConsultarCEP.Android.csproj", "{554D88F0-99E9-48DD-B1A8-1D07C9E0EC73}"
EndProject
Project("{FAE04EC0-301F-11D3-BF4B-00C04F79EFBC}") = "App01_ConsultarCEP.iOS", "App01_ConsultarCEP\App01_ConsultarCEP.iOS\App01_ConsultarCEP.iOS.csproj", "{AA88F17D-E58E-43B5-8A09-5B409329E704}"
EndProject
Project("{FAE04EC0-301F-11D3-BF4B-00C04F79EFBC}") = "App01_ConsultarCEP.UWP", "App01_ConsultarCEP\App01_ConsultarCEP.UWP\App01_ConsultarCEP.UWP.csproj", "{B9F96E46-0509-47B6-9927-1932E01E296B}"
EndProject
Project("{FAE04EC0-301F-11D3-BF4B-00C04F79EFBC}") = "App01_ConsultarCEP", "App01_ConsultarCEP\App01_ConsultarCEP\App01_ConsultarCEP.csproj", "{EE42FD46-74BA-4873-9D8E-307EBCBA2398}"
EndProject
Global
	GlobalSection(SolutionConfigurationPlatforms) = preSolution
		Ad-Hoc|Any CPU = Ad-Hoc|Any CPU
		Ad-Hoc|ARM = Ad-Hoc|ARM
		Ad-Hoc|iPhone = Ad-Hoc|iPhone
		Ad-Hoc|iPhoneSimulator = Ad-Hoc|iPhoneSimulator
		Ad-Hoc|x64 = Ad-Hoc|x64
		Ad-Hoc|x86 = Ad-Hoc|x86
		AppStore|Any CPU = AppStore|Any CPU
		AppStore|ARM = AppStore|ARM
		AppStore|iPhone = AppStore|iPhone
		AppStore|iPhoneSimulator = AppStore|iPhoneSimulator
		AppStore|x64 = AppStore|x64
		AppStore|x86 = AppStore|x86
		Debug|Any CPU = Debug|Any CPU
		Debug|ARM = Debug|ARM
		Debug|iPhone = Debug|iPhone
		Debug|iPhoneSimulator = Debug|iPhoneSimulator
		Debug|x64 = Debug|x64
		Debug|x86 = Debug|x86
		Release|Any CPU = Release|Any CPU
		Release|ARM = Release|ARM
		Release|iPhone = Release|iPhone
		Release|iPhoneSimulator = Release|iPhoneSimulator
		Release|x64 = Release|x64
		Release|x86 = Release|x86
	EndGlobalSection
	GlobalSection(ProjectConfigurationPlatforms) = postSolution
		{554D88F0-99E9-48DD-B1A8-1D07C9E0EC73}.Ad-Hoc|Any CPU.ActiveCfg = Release|Any CPU
		{554D88F0-99E9-48DD-B1A8-1D07C9E0EC73}.Ad-Hoc|Any CPU.Build.0 = Release|Any CPU
		{554D88F0-99E9-48DD-B1A8-1D07C9E0EC73}.Ad-Hoc|Any CPU.Deploy.0 = Release|Any CPU
		{554D88F0-99E9-48DD-B1A8-1D07C9E0EC73}.Ad-Hoc|ARM.ActiveCfg = Release|Any CPU
		{554D88F0-99E9-48DD-B1A8-1D07C9E0EC73}.Ad-Hoc|ARM.Build.0 = Release|Any CPU
		{554D88F0-99E9-48DD-B1A8-1D07C9E0EC73}.Ad-Hoc|ARM.Deploy.0 = Release|Any CPU
		{554D88F0-99E9-48DD-B1A8-1D07C9E0EC73}.Ad-Hoc|iPhone.ActiveCfg = Release|Any CPU
		{554D88F0-99E9-48DD-B1A8-1D07C9E0EC73}.Ad-Hoc|iPhone.Build.0 = Release|Any CPU
		{554D88F0-99E9-48DD-B1A8-1D07C9E0EC73}.Ad-Hoc|iPhone.Deploy.0 = Release|Any CPU
		{554D88F0-99E9-48DD-B1A8-1D07C9E0EC73}.Ad-Hoc|iPhoneSimulator.ActiveCfg = Release|Any CPU
		{554D88F0-99E9-48DD-B1A8-1D07C9E0EC73}.Ad-Hoc|iPhoneSimulator.Build.0 = Release|Any CPU
		{554D88F0-99E9-48DD-B1A8-1D07C9E0EC73}.Ad-Hoc|iPhoneSimulator.Deploy.0 = Release|Any CPU
		{554D88F0-99E9-48DD-B1A8-1D07C9E0EC73}.Ad-Hoc|x64.ActiveCfg = Release|Any CPU
		{554D88F0-99E9-48DD-B1A8-1D07C9E0EC73}.Ad-Hoc|x64.Build.0 = Release|Any CPU
		{554D88F0-99E9-48DD-B1A8-1D07C9E0EC73}.Ad-Hoc|x64.Deploy.0 = Release|Any CPU
		{554D88F0-99E9-48DD-B1A8-1D07C9E0EC73}.Ad-Hoc|x86.ActiveCfg = Release|Any CPU
		{554D88F0-99E9-48DD-B1A8-1D07C9E0EC73}.Ad-Hoc|x86.Build.0 = Release|Any CPU
		{554D88F0-99E9-48DD-B1A8-1D07C9E0EC73}.Ad-Hoc|x86.Deploy.0 = Release|Any CPU
		{554D88F0-99E9-48DD-B1A8-1D07C9E0EC73}.AppStore|Any CPU.ActiveCfg = Release|Any CPU
		{554D88F0-99E9-48DD-B1A8-1D07C9E0EC73}.AppStore|Any CPU.Build.0 = Release|Any CPU
		{554D88F0-99E9-48DD-B1A8-1D07C9E0EC73}.AppStore|Any CPU.Deploy.0 = Release|Any CPU
		{554D88F0-99E9-48DD-B1A8-1D07C9E0EC73}.AppStore|ARM.ActiveCfg = Release|Any CPU
		{554D88F0-99E9-48DD-B1A8-1D07C9E0EC73}.AppStore|ARM.Build.0 = Release|Any CPU
		{554D88F0-99E9-48DD-B1A8-1D07C9E0EC73}.AppStore|ARM.Deploy.0 = Release|Any CPU
		{554D88F0-99E9-48DD-B1A8-1D07C9E0EC73}.AppStore|iPhone.ActiveCfg = Release|Any CPU
		{554D88F0-99E9-48DD-B1A8-1D07C9E0EC73}.AppStore|iPhone.Build.0 = Release|Any CPU
		{554D88F0-99E9-48DD-B1A8-1D07C9E0EC73}.AppStore|iPhone.Deploy.0 = Release|Any CPU
		{554D88F0-99E9-48DD-B1A8-1D07C9E0EC73}.AppStore|iPhoneSimulator.ActiveCfg = Release|Any CPU
		{554D88F0-99E9-48DD-B1A8-1D07C9E0EC73}.AppStore|iPhoneSimulator.Build.0 = Release|Any CPU
		{554D88F0-99E9-48DD-B1A8-1D07C9E0EC73}.AppStore|iPhoneSimulator.Deploy.0 = Release|Any CPU
		{554D88F0-99E9-48DD-B1A8-1D07C9E0EC73}.AppStore|x64.ActiveCfg = Release|Any CPU
		{554D88F0-99E9-48DD-B1A8-1D07C9E0EC73}.AppStore|x64.Build.0 = Release|Any CPU
		{554D88F0-99E9-48DD-B1A8-1D07C9E0EC73}.AppStore|x64.Deploy.0 = Release|Any CPU
		{554D88F0-99E9-48DD-B1A8-1D07C9E0EC73}.AppStore|x86.ActiveCfg = Release|Any CPU
		{554D88F0-99E9-48DD-B1A8-1D07C9E0EC73}.AppStore|x86.Build.0 = Release|Any CPU
		{554D88F0-99E9-48DD-B1A8-1D07C9E0EC73}.AppStore|x86.Deploy.0 = Release|Any CPU
		{554D88F0-99E9-48DD-B1A8-1D07C9E0EC73}.Debug|Any CPU.ActiveCfg = Debug|Any CPU
		{554D88F0-99E9-48DD-B1A8-1D07C9E0EC73}.Debug|Any CPU.Build.0 = Debug|Any CPU
		{554D88F0-99E9-48DD-B1A8-1D07C9E0EC73}.Debug|Any CPU.Deploy.0 = Debug|Any CPU
		{554D88F0-99E9-48DD-B1A8-1D07C9E0EC73}.Debug|ARM.ActiveCfg = Debug|Any CPU
		{554D88F0-99E9-48DD-B1A8-1D07C9E0EC73}.Debug|ARM.Build.0 = Debug|Any CPU
		{554D88F0-99E9-48DD-B1A8-1D07C9E0EC73}.Debug|ARM.Deploy.0 = Debug|Any CPU
		{554D88F0-99E9-48DD-B1A8-1D07C9E0EC73}.Debug|iPhone.ActiveCfg = Debug|Any CPU
		{554D88F0-99E9-48DD-B1A8-1D07C9E0EC73}.Debug|iPhone.Build.0 = Debug|Any CPU
		{554D88F0-99E9-48DD-B1A8-1D07C9E0EC73}.Debug|iPhone.Deploy.0 = Debug|Any CPU
		{554D88F0-99E9-48DD-B1A8-1D07C9E0EC73}.Debug|iPhoneSimulator.ActiveCfg = Debug|Any CPU
		{554D88F0-99E9-48DD-B1A8-1D07C9E0EC73}.Debug|iPhoneSimulator.Build.0 = Debug|Any CPU
		{554D88F0-99E9-48DD-B1A8-1D07C9E0EC73}.Debug|iPhoneSimulator.Deploy.0 = Debug|Any CPU
		{554D88F0-99E9-48DD-B1A8-1D07C9E0EC73}.Debug|x64.ActiveCfg = Debug|Any CPU
		{554D88F0-99E9-48DD-B1A8-1D07C9E0EC73}.Debug|x64.Build.0 = Debug|Any CPU
		{554D88F0-99E9-48DD-B1A8-1D07C9E0EC73}.Debug|x64.Deploy.0 = Debug|Any CPU
		{554D88F0-99E9-48DD-B1A8-1D07C9E0EC73}.Debug|x86.ActiveCfg = Debug|Any CPU
		{554D88F0-99E9-48DD-B1A8-1D07C9E0EC73}.Debug|x86.Build.0 = Debug|Any CPU
		{554D88F0-99E9-48DD-B1A8-1D07C9E0EC73}.Debug|x86.Deploy.0 = Debug|Any CPU
		{554D88F0-99E9-48DD-B1A8-1D07C9E0EC73}.Release|Any CPU.ActiveCfg = Release|Any CPU
		{554D88F0-99E9-48DD-B1A8-1D07C9E0EC73}.Release|Any CPU.Build.0 = Release|Any CPU
		{554D88F0-99E9-48DD-B1A8-1D07C9E0EC73}.Release|Any CPU.Deploy.0 = Release|Any CPU
		{554D88F0-99E9-48DD-B1A8-1D07C9E0EC73}.Release|ARM.ActiveCfg = Release|Any CPU
		{554D88F0-99E9-48DD-B1A8-1D07C9E0EC73}.Release|ARM.Build.0 = Release|Any CPU
		{554D88F0-99E9-48DD-B1A8-1D07C9E0EC73}.Release|ARM.Deploy.0 = Release|Any CPU
		{554D88F0-99E9-48DD-B1A8-1D07C9E0EC73}.Release|iPhone.ActiveCfg = Release|Any CPU
		{554D88F0-99E9-48DD-B1A8-1D07C9E0EC73}.Release|iPhone.Build.0 = Release|Any CPU
		{554D88F0-99E9-48DD-B1A8-1D07C9E0EC73}.Release|iPhone.Deploy.0 = Release|Any CPU
		{554D88F0-99E9-48DD-B1A8-1D07C9E0EC73}.Release|iPhoneSimulator.ActiveCfg = Release|Any CPU
		{554D88F0-99E9-48DD-B1A8-1D07C9E0EC73}.Release|iPhoneSimulator.Build.0 = Release|Any CPU
		{554D88F0-99E9-48DD-B1A8-1D07C9E0EC73}.Release|iPhoneSimulator.Deploy.0 = Release|Any CPU
		{554D88F0-99E9-48DD-B1A8-1D07C9E0EC73}.Release|x64.ActiveCfg = Release|Any CPU
		{554D88F0-99E9-48DD-B1A8-1D07C9E0EC73}.Release|x64.Build.0 = Release|Any CPU
		{554D88F0-99E9-48DD-B1A8-1D07C9E0EC73}.Release|x64.Deploy.0 = Release|Any CPU
		{554D88F0-99E9-48DD-B1A8-1D07C9E0EC73}.Release|x86.ActiveCfg = Release|Any CPU
		{554D88F0-99E9-48DD-B1A8-1D07C9E0EC73}.Release|x86.Build.0 = Release|Any CPU
		{554D88F0-99E9-48DD-B1A8-1D07C9E0EC73}.Release|x86.Deploy.0 = Release|Any CPU
		{AA88F17D-E58E-43B5-8A09-5B409329E704}.Ad-Hoc|Any CPU.ActiveCfg = Ad-Hoc|iPhone
		{AA88F17D-E58E-43B5-8A09-5B409329E704}.Ad-Hoc|Any CPU.Build.0 = Ad-Hoc|iPhone
		{AA88F17D-E58E-43B5-8A09-5B409329E704}.Ad-Hoc|Any CPU.Deploy.0 = Ad-Hoc|iPhone
		{AA88F17D-E58E-43B5-8A09-5B409329E704}.Ad-Hoc|ARM.ActiveCfg = Ad-Hoc|iPhone
		{AA88F17D-E58E-43B5-8A09-5B409329E704}.Ad-Hoc|ARM.Build.0 = Ad-Hoc|iPhone
		{AA88F17D-E58E-43B5-8A09-5B409329E704}.Ad-Hoc|ARM.Deploy.0 = Ad-Hoc|iPhone
		{AA88F17D-E58E-43B5-8A09-5B409329E704}.Ad-Hoc|iPhone.ActiveCfg = Ad-Hoc|iPhone
		{AA88F17D-E58E-43B5-8A09-5B409329E704}.Ad-Hoc|iPhone.Build.0 = Ad-Hoc|iPhone
		{AA88F17D-E58E-43B5-8A09-5B409329E704}.Ad-Hoc|iPhone.Deploy.0 = Ad-Hoc|iPhone
		{AA88F17D-E58E-43B5-8A09-5B409329E704}.Ad-Hoc|iPhoneSimulator.ActiveCfg = Ad-Hoc|iPhoneSimulator
		{AA88F17D-E58E-43B5-8A09-5B409329E704}.Ad-Hoc|iPhoneSimulator.Build.0 = Ad-Hoc|iPhoneSimulator
		{AA88F17D-E58E-43B5-8A09-5B409329E704}.Ad-Hoc|iPhoneSimulator.Deploy.0 = Ad-Hoc|iPhoneSimulator
		{AA88F17D-E58E-43B5-8A09-5B409329E704}.Ad-Hoc|x64.ActiveCfg = Ad-Hoc|iPhone
		{AA88F17D-E58E-43B5-8A09-5B409329E704}.Ad-Hoc|x64.Build.0 = Ad-Hoc|iPhone
		{AA88F17D-E58E-43B5-8A09-5B409329E704}.Ad-Hoc|x64.Deploy.0 = Ad-Hoc|iPhone
		{AA88F17D-E58E-43B5-8A09-5B409329E704}.Ad-Hoc|x86.ActiveCfg = Ad-Hoc|iPhone
		{AA88F17D-E58E-43B5-8A09-5B409329E704}.Ad-Hoc|x86.Build.0 = Ad-Hoc|iPhone
		{AA88F17D-E58E-43B5-8A09-5B409329E704}.Ad-Hoc|x86.Deploy.0 = Ad-Hoc|iPhone
		{AA88F17D-E58E-43B5-8A09-5B409329E704}.AppStore|Any CPU.ActiveCfg = AppStore|iPhone
		{AA88F17D-E58E-43B5-8A09-5B409329E704}.AppStore|Any CPU.Build.0 = AppStore|iPhone
		{AA88F17D-E58E-43B5-8A09-5B409329E704}.AppStore|Any CPU.Deploy.0 = AppStore|iPhone
		{AA88F17D-E58E-43B5-8A09-5B409329E704}.AppStore|ARM.ActiveCfg = AppStore|iPhone
		{AA88F17D-E58E-43B5-8A09-5B409329E704}.AppStore|ARM.Build.0 = AppStore|iPhone
		{AA88F17D-E58E-43B5-8A09-5B409329E704}.AppStore|ARM.Deploy.0 = AppStore|iPhone
		{AA88F17D-E58E-43B5-8A09-5B409329E704}.AppStore|iPhone.ActiveCfg = AppStore|iPhone
		{AA88F17D-E58E-43B5-8A09-5B409329E704}.AppStore|iPhone.Build.0 = AppStore|iPhone
		{AA88F17D-E58E-43B5-8A09-5B409329E704}.AppStore|iPhone.Deploy.0 = AppStore|iPhone
		{AA88F17D-E58E-43B5-8A09-5B409329E704}.AppStore|iPhoneSimulator.ActiveCfg = AppStore|iPhoneSimulator
		{AA88F17D-E58E-43B5-8A09-5B409329E704}.AppStore|iPhoneSimulator.Build.0 = AppStore|iPhoneSimulator
		{AA88F17D-E58E-43B5-8A09-5B409329E704}.AppStore|iPhoneSimulator.Deploy.0 = AppStore|iPhoneSimulator
		{AA88F17D-E58E-43B5-8A09-5B409329E704}.AppStore|x64.ActiveCfg = AppStore|iPhone
		{AA88F17D-E58E-43B5-8A09-5B409329E704}.AppStore|x64.Build.0 = AppStore|iPhone
		{AA88F17D-E58E-43B5-8A09-5B409329E704}.AppStore|x64.Deploy.0 = AppStore|iPhone
		{AA88F17D-E58E-43B5-8A09-5B409329E704}.AppStore|x86.ActiveCfg = AppStore|iPhone
		{AA88F17D-E58E-43B5-8A09-5B409329E704}.AppStore|x86.Build.0 = AppStore|iPhone
		{AA88F17D-E58E-43B5-8A09-5B409329E704}.AppStore|x86.Deploy.0 = AppStore|iPhone
		{AA88F17D-E58E-43B5-8A09-5B409329E704}.Debug|Any CPU.ActiveCfg = Debug|iPhoneSimulator
		{AA88F17D-E58E-43B5-8A09-5B409329E704}.Debug|Any CPU.Build.0 = Debug|iPhoneSimulator
		{AA88F17D-E58E-43B5-8A09-5B409329E704}.Debug|Any CPU.Deploy.0 = Debug|iPhoneSimulator
		{AA88F17D-E58E-43B5-8A09-5B409329E704}.Debug|ARM.ActiveCfg = Debug|iPhone
		{AA88F17D-E58E-43B5-8A09-5B409329E704}.Debug|ARM.Build.0 = Debug|iPhone
		{AA88F17D-E58E-43B5-8A09-5B409329E704}.Debug|ARM.Deploy.0 = Debug|iPhone
		{AA88F17D-E58E-43B5-8A09-5B409329E704}.Debug|iPhone.ActiveCfg = Debug|iPhone
		{AA88F17D-E58E-43B5-8A09-5B409329E704}.Debug|iPhone.Build.0 = Debug|iPhone
		{AA88F17D-E58E-43B5-8A09-5B409329E704}.Debug|iPhone.Deploy.0 = Debug|iPhone
		{AA88F17D-E58E-43B5-8A09-5B409329E704}.Debug|iPhoneSimulator.ActiveCfg = Debug|iPhoneSimulator
		{AA88F17D-E58E-43B5-8A09-5B409329E704}.Debug|iPhoneSimulator.Build.0 = Debug|iPhoneSimulator
		{AA88F17D-E58E-43B5-8A09-5B409329E704}.Debug|iPhoneSimulator.Deploy.0 = Debug|iPhoneSimulator
		{AA88F17D-E58E-43B5-8A09-5B409329E704}.Debug|x64.ActiveCfg = Debug|iPhone
		{AA88F17D-E58E-43B5-8A09-5B409329E704}.Debug|x64.Build.0 = Debug|iPhone
		{AA88F17D-E58E-43B5-8A09-5B409329E704}.Debug|x64.Deploy.0 = Debug|iPhone
		{AA88F17D-E58E-43B5-8A09-5B409329E704}.Debug|x86.ActiveCfg = Debug|iPhone
		{AA88F17D-E58E-43B5-8A09-5B409329E704}.Debug|x86.Build.0 = Debug|iPhone
		{AA88F17D-E58E-43B5-8A09-5B409329E704}.Debug|x86.Deploy.0 = Debug|iPhone
		{AA88F17D-E58E-43B5-8A09-5B409329E704}.Release|Any CPU.ActiveCfg = Release|iPhone
		{AA88F17D-E58E-43B5-8A09-5B409329E704}.Release|Any CPU.Build.0 = Release|iPhone
		{AA88F17D-E58E-43B5-8A09-5B409329E704}.Release|Any CPU.Deploy.0 = Release|iPhone
		{AA88F17D-E58E-43B5-8A09-5B409329E704}.Release|ARM.ActiveCfg = Release|iPhone
		{AA88F17D-E58E-43B5-8A09-5B409329E704}.Release|ARM.Build.0 = Release|iPhone
		{AA88F17D-E58E-43B5-8A09-5B409329E704}.Release|ARM.Deploy.0 = Release|iPhone
		{AA88F17D-E58E-43B5-8A09-5B409329E704}.Release|iPhone.ActiveCfg = Release|iPhone
		{AA88F17D-E58E-43B5-8A09-5B409329E704}.Release|iPhone.Build.0 = Release|iPhone
		{AA88F17D-E58E-43B5-8A09-5B409329E704}.Release|iPhone.Deploy.0 = Release|iPhone
		{AA88F17D-E58E-43B5-8A09-5B409329E704}.Release|iPhoneSimulator.ActiveCfg = Release|iPhoneSimulator
		{AA88F17D-E58E-43B5-8A09-5B409329E704}.Release|iPhoneSimulator.Build.0 = Release|iPhoneSimulator
		{AA88F17D-E58E-43B5-8A09-5B409329E704}.Release|iPhoneSimulator.Deploy.0 = Release|iPhoneSimulator
		{AA88F17D-E58E-43B5-8A09-5B409329E704}.Release|x64.ActiveCfg = Release|iPhone
		{AA88F17D-E58E-43B5-8A09-5B409329E704}.Release|x64.Build.0 = Release|iPhone
		{AA88F17D-E58E-43B5-8A09-5B409329E704}.Release|x64.Deploy.0 = Release|iPhone
		{AA88F17D-E58E-43B5-8A09-5B409329E704}.Release|x86.ActiveCfg = Release|iPhone
		{AA88F17D-E58E-43B5-8A09-5B409329E704}.Release|x86.Build.0 = Release|iPhone
		{AA88F17D-E58E-43B5-8A09-5B409329E704}.Release|x86.Deploy.0 = Release|iPhone
		{B9F96E46-0509-47B6-9927-1932E01E296B}.Ad-Hoc|Any CPU.ActiveCfg = Release|x86
		{B9F96E46-0509-47B6-9927-1932E01E296B}.Ad-Hoc|Any CPU.Build.0 = Release|x86
		{B9F96E46-0509-47B6-9927-1932E01E296B}.Ad-Hoc|Any CPU.Deploy.0 = Release|x86
		{B9F96E46-0509-47B6-9927-1932E01E296B}.Ad-Hoc|ARM.ActiveCfg = Release|ARM
		{B9F96E46-0509-47B6-9927-1932E01E296B}.Ad-Hoc|ARM.Build.0 = Release|ARM
		{B9F96E46-0509-47B6-9927-1932E01E296B}.Ad-Hoc|ARM.Deploy.0 = Release|ARM
		{B9F96E46-0509-47B6-9927-1932E01E296B}.Ad-Hoc|iPhone.ActiveCfg = Release|x86
		{B9F96E46-0509-47B6-9927-1932E01E296B}.Ad-Hoc|iPhone.Build.0 = Release|x86
		{B9F96E46-0509-47B6-9927-1932E01E296B}.Ad-Hoc|iPhone.Deploy.0 = Release|x86
		{B9F96E46-0509-47B6-9927-1932E01E296B}.Ad-Hoc|iPhoneSimulator.ActiveCfg = Release|x86
		{B9F96E46-0509-47B6-9927-1932E01E296B}.Ad-Hoc|iPhoneSimulator.Build.0 = Release|x86
		{B9F96E46-0509-47B6-9927-1932E01E296B}.Ad-Hoc|iPhoneSimulator.Deploy.0 = Release|x86
		{B9F96E46-0509-47B6-9927-1932E01E296B}.Ad-Hoc|x64.ActiveCfg = Release|x64
		{B9F96E46-0509-47B6-9927-1932E01E296B}.Ad-Hoc|x64.Build.0 = Release|x64
		{B9F96E46-0509-47B6-9927-1932E01E296B}.Ad-Hoc|x64.Deploy.0 = Release|x64
		{B9F96E46-0509-47B6-9927-1932E01E296B}.Ad-Hoc|x86.ActiveCfg = Release|x86
		{B9F96E46-0509-47B6-9927-1932E01E296B}.Ad-Hoc|x86.Build.0 = Release|x86
		{B9F96E46-0509-47B6-9927-1932E01E296B}.Ad-Hoc|x86.Deploy.0 = Release|x86
		{B9F96E46-0509-47B6-9927-1932E01E296B}.AppStore|Any CPU.ActiveCfg = Release|x86
		{B9F96E46-0509-47B6-9927-1932E01E296B}.AppStore|Any CPU.Build.0 = Release|x86
		{B9F96E46-0509-47B6-9927-1932E01E296B}.AppStore|Any CPU.Deploy.0 = Release|x86
		{B9F96E46-0509-47B6-9927-1932E01E296B}.AppStore|ARM.ActiveCfg = Release|ARM
		{B9F96E46-0509-47B6-9927-1932E01E296B}.AppStore|ARM.Build.0 = Release|ARM
		{B9F96E46-0509-47B6-9927-1932E01E296B}.AppStore|ARM.Deploy.0 = Release|ARM
		{B9F96E46-0509-47B6-9927-1932E01E296B}.AppStore|iPhone.ActiveCfg = Release|x86
		{B9F96E46-0509-47B6-9927-1932E01E296B}.AppStore|iPhone.Build.0 = Release|x86
		{B9F96E46-0509-47B6-9927-1932E01E296B}.AppStore|iPhone.Deploy.0 = Release|x86
		{B9F96E46-0509-47B6-9927-1932E01E296B}.AppStore|iPhoneSimulator.ActiveCfg = Release|x86
		{B9F96E46-0509-47B6-9927-1932E01E296B}.AppStore|iPhoneSimulator.Build.0 = Release|x86
		{B9F96E46-0509-47B6-9927-1932E01E296B}.AppStore|iPhoneSimulator.Deploy.0 = Release|x86
		{B9F96E46-0509-47B6-9927-1932E01E296B}.AppStore|x64.ActiveCfg = Release|x64
		{B9F96E46-0509-47B6-9927-1932E01E296B}.AppStore|x64.Build.0 = Release|x64
		{B9F96E46-0509-47B6-9927-1932E01E296B}.AppStore|x64.Deploy.0 = Release|x64
		{B9F96E46-0509-47B6-9927-1932E01E296B}.AppStore|x86.ActiveCfg = Release|x86
		{B9F96E46-0509-47B6-9927-1932E01E296B}.AppStore|x86.Build.0 = Release|x86
		{B9F96E46-0509-47B6-9927-1932E01E296B}.AppStore|x86.Deploy.0 = Release|x86
		{B9F96E46-0509-47B6-9927-1932E01E296B}.Debug|Any CPU.ActiveCfg = Debug|x86
		{B9F96E46-0509-47B6-9927-1932E01E296B}.Debug|Any CPU.Build.0 = Debug|x86
		{B9F96E46-0509-47B6-9927-1932E01E296B}.Debug|Any CPU.Deploy.0 = Debug|x86
		{B9F96E46-0509-47B6-9927-1932E01E296B}.Debug|ARM.ActiveCfg = Debug|ARM
		{B9F96E46-0509-47B6-9927-1932E01E296B}.Debug|ARM.Build.0 = Debug|ARM
		{B9F96E46-0509-47B6-9927-1932E01E296B}.Debug|ARM.Deploy.0 = Debug|ARM
		{B9F96E46-0509-47B6-9927-1932E01E296B}.Debug|iPhone.ActiveCfg = Debug|x86
		{B9F96E46-0509-47B6-9927-1932E01E296B}.Debug|iPhone.Build.0 = Debug|x86
		{B9F96E46-0509-47B6-9927-1932E01E296B}.Debug|iPhone.Deploy.0 = Debug|x86
		{B9F96E46-0509-47B6-9927-1932E01E296B}.Debug|iPhoneSimulator.ActiveCfg = Debug|x86
		{B9F96E46-0509-47B6-9927-1932E01E296B}.Debug|iPhoneSimulator.Build.0 = Debug|x86
		{B9F96E46-0509-47B6-9927-1932E01E296B}.Debug|iPhoneSimulator.Deploy.0 = Debug|x86
		{B9F96E46-0509-47B6-9927-1932E01E296B}.Debug|x64.ActiveCfg = Debug|x64
		{B9F96E46-0509-47B6-9927-1932E01E296B}.Debug|x64.Build.0 = Debug|x64
		{B9F96E46-0509-47B6-9927-1932E01E296B}.Debug|x64.Deploy.0 = Debug|x64
		{B9F96E46-0509-47B6-9927-1932E01E296B}.Debug|x86.ActiveCfg = Debug|x86
		{B9F96E46-0509-47B6-9927-1932E01E296B}.Debug|x86.Build.0 = Debug|x86
		{B9F96E46-0509-47B6-9927-1932E01E296B}.Debug|x86.Deploy.0 = Debug|x86
		{B9F96E46-0509-47B6-9927-1932E01E296B}.Release|Any CPU.ActiveCfg = Release|x86
		{B9F96E46-0509-47B6-9927-1932E01E296B}.Release|Any CPU.Build.0 = Release|x86
		{B9F96E46-0509-47B6-9927-1932E01E296B}.Release|Any CPU.Deploy.0 = Release|x86
		{B9F96E46-0509-47B6-9927-1932E01E296B}.Release|ARM.ActiveCfg = Release|ARM
		{B9F96E46-0509-47B6-9927-1932E01E296B}.Release|ARM.Build.0 = Release|ARM
		{B9F96E46-0509-47B6-9927-1932E01E296B}.Release|ARM.Deploy.0 = Release|ARM
		{B9F96E46-0509-47B6-9927-1932E01E296B}.Release|iPhone.ActiveCfg = Release|x86
		{B9F96E46-0509-47B6-9927-1932E01E296B}.Release|iPhone.Build.0 = Release|x86
		{B9F96E46-0509-47B6-9927-1932E01E296B}.Release|iPhone.Deploy.0 = Release|x86
		{B9F96E46-0509-47B6-9927-1932E01E296B}.Release|iPhoneSimulator.ActiveCfg = Release|x86
		{B9F96E46-0509-47B6-9927-1932E01E296B}.Release|iPhoneSimulator.Build.0 = Release|x86
		{B9F96E46-0509-47B6-9927-1932E01E296B}.Release|iPhoneSimulator.Deploy.0 = Release|x86
		{B9F96E46-0509-47B6-9927-1932E01E296B}.Release|x64.ActiveCfg = Release|x64
		{B9F96E46-0509-47B6-9927-1932E01E296B}.Release|x64.Build.0 = Release|x64
		{B9F96E46-0509-47B6-9927-1932E01E296B}.Release|x64.Deploy.0 = Release|x64
		{B9F96E46-0509-47B6-9927-1932E01E296B}.Release|x86.ActiveCfg = Release|x86
		{B9F96E46-0509-47B6-9927-1932E01E296B}.Release|x86.Build.0 = Release|x86
		{B9F96E46-0509-47B6-9927-1932E01E296B}.Release|x86.Deploy.0 = Release|x86
		{EE42FD46-74BA-4873-9D8E-307EBCBA2398}.Ad-Hoc|Any CPU.ActiveCfg = Debug|Any CPU
		{EE42FD46-74BA-4873-9D8E-307EBCBA2398}.Ad-Hoc|Any CPU.Build.0 = Debug|Any CPU
		{EE42FD46-74BA-4873-9D8E-307EBCBA2398}.Ad-Hoc|Any CPU.Deploy.0 = Debug|Any CPU
		{EE42FD46-74BA-4873-9D8E-307EBCBA2398}.Ad-Hoc|ARM.ActiveCfg = Debug|Any CPU
		{EE42FD46-74BA-4873-9D8E-307EBCBA2398}.Ad-Hoc|ARM.Build.0 = Debug|Any CPU
		{EE42FD46-74BA-4873-9D8E-307EBCBA2398}.Ad-Hoc|ARM.Deploy.0 = Debug|Any CPU
		{EE42FD46-74BA-4873-9D8E-307EBCBA2398}.Ad-Hoc|iPhone.ActiveCfg = Debug|Any CPU
		{EE42FD46-74BA-4873-9D8E-307EBCBA2398}.Ad-Hoc|iPhone.Build.0 = Debug|Any CPU
		{EE42FD46-74BA-4873-9D8E-307EBCBA2398}.Ad-Hoc|iPhone.Deploy.0 = Debug|Any CPU
		{EE42FD46-74BA-4873-9D8E-307EBCBA2398}.Ad-Hoc|iPhoneSimulator.ActiveCfg = Debug|Any CPU
		{EE42FD46-74BA-4873-9D8E-307EBCBA2398}.Ad-Hoc|iPhoneSimulator.Build.0 = Debug|Any CPU
		{EE42FD46-74BA-4873-9D8E-307EBCBA2398}.Ad-Hoc|iPhoneSimulator.Deploy.0 = Debug|Any CPU
		{EE42FD46-74BA-4873-9D8E-307EBCBA2398}.Ad-Hoc|x64.ActiveCfg = Debug|Any CPU
		{EE42FD46-74BA-4873-9D8E-307EBCBA2398}.Ad-Hoc|x64.Build.0 = Debug|Any CPU
		{EE42FD46-74BA-4873-9D8E-307EBCBA2398}.Ad-Hoc|x64.Deploy.0 = Debug|Any CPU
		{EE42FD46-74BA-4873-9D8E-307EBCBA2398}.Ad-Hoc|x86.ActiveCfg = Debug|Any CPU
		{EE42FD46-74BA-4873-9D8E-307EBCBA2398}.Ad-Hoc|x86.Build.0 = Debug|Any CPU
		{EE42FD46-74BA-4873-9D8E-307EBCBA2398}.Ad-Hoc|x86.Deploy.0 = Debug|Any CPU
		{EE42FD46-74BA-4873-9D8E-307EBCBA2398}.AppStore|Any CPU.ActiveCfg = Debug|Any CPU
		{EE42FD46-74BA-4873-9D8E-307EBCBA2398}.AppStore|Any CPU.Build.0 = Debug|Any CPU
		{EE42FD46-74BA-4873-9D8E-307EBCBA2398}.AppStore|Any CPU.Deploy.0 = Debug|Any CPU
		{EE42FD46-74BA-4873-9D8E-307EBCBA2398}.AppStore|ARM.ActiveCfg = Debug|Any CPU
		{EE42FD46-74BA-4873-9D8E-307EBCBA2398}.AppStore|ARM.Build.0 = Debug|Any CPU
		{EE42FD46-74BA-4873-9D8E-307EBCBA2398}.AppStore|ARM.Deploy.0 = Debug|Any CPU
		{EE42FD46-74BA-4873-9D8E-307EBCBA2398}.AppStore|iPhone.ActiveCfg = Debug|Any CPU
		{EE42FD46-74BA-4873-9D8E-307EBCBA2398}.AppStore|iPhone.Build.0 = Debug|Any CPU
		{EE42FD46-74BA-4873-9D8E-307EBCBA2398}.AppStore|iPhone.Deploy.0 = Debug|Any CPU
		{EE42FD46-74BA-4873-9D8E-307EBCBA2398}.AppStore|iPhoneSimulator.ActiveCfg = Debug|Any CPU
		{EE42FD46-74BA-4873-9D8E-307EBCBA2398}.AppStore|iPhoneSimulator.Build.0 = Debug|Any CPU
		{EE42FD46-74BA-4873-9D8E-307EBCBA2398}.AppStore|iPhoneSimulator.Deploy.0 = Debug|Any CPU
		{EE42FD46-74BA-4873-9D8E-307EBCBA2398}.AppStore|x64.ActiveCfg = Debug|Any CPU
		{EE42FD46-74BA-4873-9D8E-307EBCBA2398}.AppStore|x64.Build.0 = Debug|Any CPU
		{EE42FD46-74BA-4873-9D8E-307EBCBA2398}.AppStore|x64.Deploy.0 = Debug|Any CPU
		{EE42FD46-74BA-4873-9D8E-307EBCBA2398}.AppStore|x86.ActiveCfg = Debug|Any CPU
		{EE42FD46-74BA-4873-9D8E-307EBCBA2398}.AppStore|x86.Build.0 = Debug|Any CPU
		{EE42FD46-74BA-4873-9D8E-307EBCBA2398}.AppStore|x86.Deploy.0 = Debug|Any CPU
		{EE42FD46-74BA-4873-9D8E-307EBCBA2398}.Debug|Any CPU.ActiveCfg = Debug|Any CPU
		{EE42FD46-74BA-4873-9D8E-307EBCBA2398}.Debug|Any CPU.Build.0 = Debug|Any CPU
		{EE42FD46-74BA-4873-9D8E-307EBCBA2398}.Debug|Any CPU.Deploy.0 = Debug|Any CPU
		{EE42FD46-74BA-4873-9D8E-307EBCBA2398}.Debug|ARM.ActiveCfg = Debug|Any CPU
		{EE42FD46-74BA-4873-9D8E-307EBCBA2398}.Debug|ARM.Build.0 = Debug|Any CPU
		{EE42FD46-74BA-4873-9D8E-307EBCBA2398}.Debug|ARM.Deploy.0 = Debug|Any CPU
		{EE42FD46-74BA-4873-9D8E-307EBCBA2398}.Debug|iPhone.ActiveCfg = Debug|Any CPU
		{EE42FD46-74BA-4873-9D8E-307EBCBA2398}.Debug|iPhone.Build.0 = Debug|Any CPU
		{EE42FD46-74BA-4873-9D8E-307EBCBA2398}.Debug|iPhone.Deploy.0 = Debug|Any CPU
		{EE42FD46-74BA-4873-9D8E-307EBCBA2398}.Debug|iPhoneSimulator.ActiveCfg = Debug|Any CPU
		{EE42FD46-74BA-4873-9D8E-307EBCBA2398}.Debug|iPhoneSimulator.Build.0 = Debug|Any CPU
		{EE42FD46-74BA-4873-9D8E-307EBCBA2398}.Debug|iPhoneSimulator.Deploy.0 = Debug|Any CPU
		{EE42FD46-74BA-4873-9D8E-307EBCBA2398}.Debug|x64.ActiveCfg = Debug|Any CPU
		{EE42FD46-74BA-4873-9D8E-307EBCBA2398}.Debug|x64.Build.0 = Debug|Any CPU
		{EE42FD46-74BA-4873-9D8E-307EBCBA2398}.Debug|x64.Deploy.0 = Debug|Any CPU
		{EE42FD46-74BA-4873-9D8E-307EBCBA2398}.Debug|x86.ActiveCfg = Debug|Any CPU
		{EE42FD46-74BA-4873-9D8E-307EBCBA2398}.Debug|x86.Build.0 = Debug|Any CPU
		{EE42FD46-74BA-4873-9D8E-307EBCBA2398}.Debug|x86.Deploy.0 = Debug|Any CPU
		{EE42FD46-74BA-4873-9D8E-307EBCBA2398}.Release|Any CPU.ActiveCfg = Release|Any CPU
		{EE42FD46-74BA-4873-9D8E-307EBCBA2398}.Release|Any CPU.Build.0 = Release|Any CPU
		{EE42FD46-74BA-4873-9D8E-307EBCBA2398}.Release|Any CPU.Deploy.0 = Release|Any CPU
		{EE42FD46-74BA-4873-9D8E-307EBCBA2398}.Release|ARM.ActiveCfg = Release|Any CPU
		{EE42FD46-74BA-4873-9D8E-307EBCBA2398}.Release|ARM.Build.0 = Release|Any CPU
		{EE42FD46-74BA-4873-9D8E-307EBCBA2398}.Release|ARM.Deploy.0 = Release|Any CPU
		{EE42FD46-74BA-4873-9D8E-307EBCBA2398}.Release|iPhone.ActiveCfg = Release|Any CPU
		{EE42FD46-74BA-4873-9D8E-307EBCBA2398}.Release|iPhone.Build.0 = Release|Any CPU
		{EE42FD46-74BA-4873-9D8E-307EBCBA2398}.Release|iPhone.Deploy.0 = Release|Any CPU
		{EE42FD46-74BA-4873-9D8E-307EBCBA2398}.Release|iPhoneSimulator.ActiveCfg = Release|Any CPU
		{EE42FD46-74BA-4873-9D8E-307EBCBA2398}.Release|iPhoneSimulator.Build.0 = Release|Any CPU
		{EE42FD46-74BA-4873-9D8E-307EBCBA2398}.Release|iPhoneSimulator.Deploy.0 = Release|Any CPU
		{EE42FD46-74BA-4873-9D8E-307EBCBA2398}.Release|x64.ActiveCfg = Release|Any CPU
		{EE42FD46-74BA-4873-9D8E-307EBCBA2398}.Release|x64.Build.0 = Release|Any CPU
		{EE42FD46-74BA-4873-9D8E-307EBCBA2398}.Release|x64.Deploy.0 = Release|Any CPU
		{EE42FD46-74BA-4873-9D8E-307EBCBA2398}.Release|x86.ActiveCfg = Release|Any CPU
		{EE42FD46-74BA-4873-9D8E-307EBCBA2398}.Release|x86.Build.0 = Release|Any CPU
		{EE42FD46-74BA-4873-9D8E-307EBCBA2398}.Release|x86.Deploy.0 = Release|Any CPU
	EndGlobalSection
	GlobalSection(SolutionProperties) = preSolution
		HideSolutionNode = FALSE
	EndGlobalSection
	GlobalSection(ExtensibilityGlobals) = postSolution
		SolutionGuid = {8778BCDD-8B84-418A-83C6-43AD632BA2E8}
	EndGlobalSection
EndGlobal
